
Microsoft Visual Studio Solution File, Format Version 12.00
# Visual Studio Version 16
VisualStudioVersion = 16.0.29926.136
MinimumVisualStudioVersion = 10.0.40219.1
Project("{9A19103F-16F7-4668-BE54-9A1E7A4F7556}") = "RockLib.Messaging.CloudEvents", "RockLib.Messaging.CloudEvents\RockLib.Messaging.CloudEvents.csproj", "{A40564DD-9C71-444D-B8E9-2098A6AA3445}"
EndProject
Project("{9A19103F-16F7-4668-BE54-9A1E7A4F7556}") = "RockLib.Messaging.CloudEvents.Tests", "RockLib.Messaging.CloudEvents.Tests\RockLib.Messaging.CloudEvents.Tests.csproj", "{57E86379-F6E9-4F83-93E5-F4CF68B51049}"
EndProject
Project("{9A19103F-16F7-4668-BE54-9A1E7A4F7556}") = "RockLib.Messaging", "RockLib.Messaging\RockLib.Messaging.csproj", "{5650FE50-45CA-4F84-8D40-F0AE988F76FA}"
EndProject
Global
	GlobalSection(SharedMSBuildProjectFiles) = preSolution
		RockLib.Messaging.HttpUtils\RockLib.Messaging.HttpUtils.projitems*{a40564dd-9c71-444d-b8e9-2098a6aa3445}*SharedItemsImports = 5
	EndGlobalSection
	GlobalSection(SolutionConfigurationPlatforms) = preSolution
		Debug|Any CPU = Debug|Any CPU
		Release|Any CPU = Release|Any CPU
	EndGlobalSection
	GlobalSection(ProjectConfigurationPlatforms) = postSolution
		{A40564DD-9C71-444D-B8E9-2098A6AA3445}.Debug|Any CPU.ActiveCfg = Debug|Any CPU
		{A40564DD-9C71-444D-B8E9-2098A6AA3445}.Debug|Any CPU.Build.0 = Debug|Any CPU
		{A40564DD-9C71-444D-B8E9-2098A6AA3445}.Release|Any CPU.ActiveCfg = Release|Any CPU
		{A40564DD-9C71-444D-B8E9-2098A6AA3445}.Release|Any CPU.Build.0 = Release|Any CPU
		{57E86379-F6E9-4F83-93E5-F4CF68B51049}.Debug|Any CPU.ActiveCfg = Debug|Any CPU
		{57E86379-F6E9-4F83-93E5-F4CF68B51049}.Debug|Any CPU.Build.0 = Debug|Any CPU
		{57E86379-F6E9-4F83-93E5-F4CF68B51049}.Release|Any CPU.ActiveCfg = Release|Any CPU
		{57E86379-F6E9-4F83-93E5-F4CF68B51049}.Release|Any CPU.Build.0 = Release|Any CPU
		{5650FE50-45CA-4F84-8D40-F0AE988F76FA}.Debug|Any CPU.ActiveCfg = Debug|Any CPU
		{5650FE50-45CA-4F84-8D40-F0AE988F76FA}.Debug|Any CPU.Build.0 = Debug|Any CPU
		{5650FE50-45CA-4F84-8D40-F0AE988F76FA}.Release|Any CPU.ActiveCfg = Release|Any CPU
		{5650FE50-45CA-4F84-8D40-F0AE988F76FA}.Release|Any CPU.Build.0 = Release|Any CPU
	EndGlobalSection
	GlobalSection(SolutionProperties) = preSolution
		HideSolutionNode = FALSE
	EndGlobalSection
	GlobalSection(ExtensibilityGlobals) = postSolution
		SolutionGuid = {3FEE2AF4-936B-474F-A3C0-7118F5655DCC}
	EndGlobalSection
EndGlobal
