
Microsoft Visual Studio Solution File, Format Version 12.00
# Visual Studio Version 16
VisualStudioVersion = 16.0.29926.136
MinimumVisualStudioVersion = 10.0.40219.1
Project("{9A19103F-16F7-4668-BE54-9A1E7A4F7556}") = "RockLib.Messaging.Kafka", "RockLib.Messaging.Kafka\RockLib.Messaging.Kafka.csproj", "{2D35EA9A-C9C3-4915-894F-815D9CE5700A}"
EndProject
Project("{9A19103F-16F7-4668-BE54-9A1E7A4F7556}") = "RockLib.Messaging.Kafka.Tests", "RockLib.Messaging.Kafka.Tests\RockLib.Messaging.Kafka.Tests.csproj", "{BDA37A2A-CA76-4FF1-B08F-2783C637B492}"
EndProject
Global
	GlobalSection(SolutionConfigurationPlatforms) = preSolution
		Debug|Any CPU = Debug|Any CPU
		Release|Any CPU = Release|Any CPU
	EndGlobalSection
	GlobalSection(ProjectConfigurationPlatforms) = postSolution
		{2D35EA9A-C9C3-4915-894F-815D9CE5700A}.Debug|Any CPU.ActiveCfg = Debug|Any CPU
		{2D35EA9A-C9C3-4915-894F-815D9CE5700A}.Debug|Any CPU.Build.0 = Debug|Any CPU
		{2D35EA9A-C9C3-4915-894F-815D9CE5700A}.Release|Any CPU.ActiveCfg = Release|Any CPU
		{2D35EA9A-C9C3-4915-894F-815D9CE5700A}.Release|Any CPU.Build.0 = Release|Any CPU
		{BDA37A2A-CA76-4FF1-B08F-2783C637B492}.Debug|Any CPU.ActiveCfg = Debug|Any CPU
		{BDA37A2A-CA76-4FF1-B08F-2783C637B492}.Debug|Any CPU.Build.0 = Debug|Any CPU
		{BDA37A2A-CA76-4FF1-B08F-2783C637B492}.Release|Any CPU.ActiveCfg = Release|Any CPU
		{BDA37A2A-CA76-4FF1-B08F-2783C637B492}.Release|Any CPU.Build.0 = Release|Any CPU
	EndGlobalSection
	GlobalSection(SolutionProperties) = preSolution
		HideSolutionNode = FALSE
	EndGlobalSection
	GlobalSection(ExtensibilityGlobals) = postSolution
		SolutionGuid = {3FEE2AF4-936B-474F-A3C0-7118F5655DCC}
	EndGlobalSection
EndGlobal
