
Microsoft Visual Studio Solution File, Format Version 12.00
# Visual Studio 14
VisualStudioVersion = 14.0.25123.0
MinimumVisualStudioVersion = 10.0.40219.1
Project("{FAE04EC0-301F-11D3-BF4B-00C04F79EFBC}") = "Rock.Messaging", "Rock.Messaging\Rock.Messaging.csproj", "{00EF1C6F-4D85-4A22-AAB5-A0988D8EE508}"
EndProject
Project("{FAE04EC0-301F-11D3-BF4B-00C04F79EFBC}") = "Rock.Messaging.UnitTests", "Rock.Messaging.UnitTests\Rock.Messaging.UnitTests.csproj", "{EAAD4FE1-16A6-44A4-8172-727C4ED17D6F}"
EndProject
Project("{FAE04EC0-301F-11D3-BF4B-00C04F79EFBC}") = "Rock.Messaging.IntegrationTests", "Rock.Messaging.IntegrationTests\Rock.Messaging.IntegrationTests.csproj", "{AA3BE8B9-AD9F-42E2-B35E-C4D2255EA9B3}"
EndProject
Project("{FAE04EC0-301F-11D3-BF4B-00C04F79EFBC}") = "Rock.Messaging.RabbitMQ", "Rock.Messaging.RabbitMQ\Rock.Messaging.RabbitMQ.csproj", "{2BB9B702-123E-46D5-8C17-E37FAE04C390}"
EndProject
Project("{FAE04EC0-301F-11D3-BF4B-00C04F79EFBC}") = "Rock.Messaging.RabbitMQ.IntegrationTests", "Rock.Messaging.RabbitMQ.IntegrationTests\Rock.Messaging.RabbitMQ.IntegrationTests.csproj", "{B8353F1F-741E-4809-B144-EB63A77117A9}"
EndProject
Project("{FAE04EC0-301F-11D3-BF4B-00C04F79EFBC}") = "Rock.Messaging.SQS", "Rock.Messaging.SQS\Rock.Messaging.SQS.csproj", "{781351C5-B9BC-488F-A6E3-4BD9646E0C53}"
EndProject
Global
	GlobalSection(SolutionConfigurationPlatforms) = preSolution
		Debug|Any CPU = Debug|Any CPU
		Release|Any CPU = Release|Any CPU
	EndGlobalSection
	GlobalSection(ProjectConfigurationPlatforms) = postSolution
		{00EF1C6F-4D85-4A22-AAB5-A0988D8EE508}.Debug|Any CPU.ActiveCfg = Debug|Any CPU
		{00EF1C6F-4D85-4A22-AAB5-A0988D8EE508}.Debug|Any CPU.Build.0 = Debug|Any CPU
		{00EF1C6F-4D85-4A22-AAB5-A0988D8EE508}.Release|Any CPU.ActiveCfg = Release|Any CPU
		{00EF1C6F-4D85-4A22-AAB5-A0988D8EE508}.Release|Any CPU.Build.0 = Release|Any CPU
		{EAAD4FE1-16A6-44A4-8172-727C4ED17D6F}.Debug|Any CPU.ActiveCfg = Debug|Any CPU
		{EAAD4FE1-16A6-44A4-8172-727C4ED17D6F}.Debug|Any CPU.Build.0 = Debug|Any CPU
		{EAAD4FE1-16A6-44A4-8172-727C4ED17D6F}.Release|Any CPU.ActiveCfg = Release|Any CPU
		{EAAD4FE1-16A6-44A4-8172-727C4ED17D6F}.Release|Any CPU.Build.0 = Release|Any CPU
		{AA3BE8B9-AD9F-42E2-B35E-C4D2255EA9B3}.Debug|Any CPU.ActiveCfg = Debug|Any CPU
		{AA3BE8B9-AD9F-42E2-B35E-C4D2255EA9B3}.Debug|Any CPU.Build.0 = Debug|Any CPU
		{AA3BE8B9-AD9F-42E2-B35E-C4D2255EA9B3}.Release|Any CPU.ActiveCfg = Release|Any CPU
		{AA3BE8B9-AD9F-42E2-B35E-C4D2255EA9B3}.Release|Any CPU.Build.0 = Release|Any CPU
		{2BB9B702-123E-46D5-8C17-E37FAE04C390}.Debug|Any CPU.ActiveCfg = Debug|Any CPU
		{2BB9B702-123E-46D5-8C17-E37FAE04C390}.Debug|Any CPU.Build.0 = Debug|Any CPU
		{2BB9B702-123E-46D5-8C17-E37FAE04C390}.Release|Any CPU.ActiveCfg = Release|Any CPU
		{2BB9B702-123E-46D5-8C17-E37FAE04C390}.Release|Any CPU.Build.0 = Release|Any CPU
		{B8353F1F-741E-4809-B144-EB63A77117A9}.Debug|Any CPU.ActiveCfg = Debug|Any CPU
		{B8353F1F-741E-4809-B144-EB63A77117A9}.Debug|Any CPU.Build.0 = Debug|Any CPU
		{B8353F1F-741E-4809-B144-EB63A77117A9}.Release|Any CPU.ActiveCfg = Release|Any CPU
		{B8353F1F-741E-4809-B144-EB63A77117A9}.Release|Any CPU.Build.0 = Release|Any CPU
		{781351C5-B9BC-488F-A6E3-4BD9646E0C53}.Debug|Any CPU.ActiveCfg = Debug|Any CPU
		{781351C5-B9BC-488F-A6E3-4BD9646E0C53}.Debug|Any CPU.Build.0 = Debug|Any CPU
		{781351C5-B9BC-488F-A6E3-4BD9646E0C53}.Release|Any CPU.ActiveCfg = Release|Any CPU
		{781351C5-B9BC-488F-A6E3-4BD9646E0C53}.Release|Any CPU.Build.0 = Release|Any CPU
	EndGlobalSection
	GlobalSection(SolutionProperties) = preSolution
		HideSolutionNode = FALSE
	EndGlobalSection
EndGlobal
