
Microsoft Visual Studio Solution File, Format Version 12.00
# Visual Studio 2013
VisualStudioVersion = 12.0.30110.0
MinimumVisualStudioVersion = 10.0.40219.1
Project("{FAE04EC0-301F-11D3-BF4B-00C04F79EFBC}") = "Rock.Messaging", "Rock.Messaging\Rock.Messaging.csproj", "{00EF1C6F-4D85-4A22-AAB5-A0988D8EE508}"
EndProject
Project("{FAE04EC0-301F-11D3-BF4B-00C04F79EFBC}") = "Rock.Messaging.UnitTests", "Rock.Messaging.UnitTests\Rock.Messaging.UnitTests.csproj", "{EAAD4FE1-16A6-44A4-8172-727C4ED17D6F}"
EndProject
Global
	GlobalSection(SolutionConfigurationPlatforms) = preSolution
		Debug|Any CPU = Debug|Any CPU
		Release|Any CPU = Release|Any CPU
	EndGlobalSection
	GlobalSection(ProjectConfigurationPlatforms) = postSolution
		{00EF1C6F-4D85-4A22-AAB5-A0988D8EE508}.Debug|Any CPU.ActiveCfg = Debug|Any CPU
		{00EF1C6F-4D85-4A22-AAB5-A0988D8EE508}.Debug|Any CPU.Build.0 = Debug|Any CPU
		{00EF1C6F-4D85-4A22-AAB5-A0988D8EE508}.Release|Any CPU.ActiveCfg = Release|Any CPU
		{00EF1C6F-4D85-4A22-AAB5-A0988D8EE508}.Release|Any CPU.Build.0 = Release|Any CPU
		{EAAD4FE1-16A6-44A4-8172-727C4ED17D6F}.Debug|Any CPU.ActiveCfg = Debug|Any CPU
		{EAAD4FE1-16A6-44A4-8172-727C4ED17D6F}.Debug|Any CPU.Build.0 = Debug|Any CPU
		{EAAD4FE1-16A6-44A4-8172-727C4ED17D6F}.Release|Any CPU.ActiveCfg = Release|Any CPU
		{EAAD4FE1-16A6-44A4-8172-727C4ED17D6F}.Release|Any CPU.Build.0 = Release|Any CPU
	EndGlobalSection
	GlobalSection(SolutionProperties) = preSolution
		HideSolutionNode = FALSE
	EndGlobalSection
EndGlobal
