
Microsoft Visual Studio Solution File, Format Version 12.00
# Visual Studio 15
VisualStudioVersion = 15.0.27004.2009
MinimumVisualStudioVersion = 10.0.40219.1
Project("{9A19103F-16F7-4668-BE54-9A1E7A4F7556}") = "RockLib.Messaging", "Rock.Messaging\RockLib.Messaging.csproj", "{E1860FD3-54D8-4EDB-82E0-E61ED8725F20}"
EndProject
Project("{9A19103F-16F7-4668-BE54-9A1E7A4F7556}") = "RockLib.Messaging.Tests", "RockLib.Messaging.Tests\RockLib.Messaging.Tests.csproj", "{6B81F84C-A768-43DC-8F2E-F6F0EE9A9F32}"
EndProject
Project("{9A19103F-16F7-4668-BE54-9A1E7A4F7556}") = "Example.Messaging.DotNetCore11", "Example.Messaging.DotNetCore11\Example.Messaging.DotNetCore11.csproj", "{4B030711-4BCE-4749-9EFF-3E7B11866647}"
EndProject
Project("{FAE04EC0-301F-11D3-BF4B-00C04F79EFBC}") = "Example.Messaging.DotNetFramework451", "Example.Messaging.DotNetFramework451\Example.Messaging.DotNetFramework451.csproj", "{F828E6D1-F6D1-4325-8DFA-DA8826E1CE3C}"
EndProject
Project("{9A19103F-16F7-4668-BE54-9A1E7A4F7556}") = "RockLib.Messaging.SQS", "Rock.Messaging.SQS\RockLib.Messaging.SQS.csproj", "{C4385BD1-2B62-4232-ADC2-896BDBE34142}"
EndProject
Project("{FAE04EC0-301F-11D3-BF4B-00C04F79EFBC}") = "Example.Messaging.SQS.DotNetFramework451", "Example.Messaging.SQS.DotNetFramework451\Example.Messaging.SQS.DotNetFramework451.csproj", "{845B884E-FE1E-46AF-B49D-1EFE76371130}"
EndProject
Project("{9A19103F-16F7-4668-BE54-9A1E7A4F7556}") = "Example.Messaging.SQS.DotNetCore11", "Example.Messaging.SQS.DotNetCore11\Example.Messaging.SQS.DotNetCore11.csproj", "{B6E266AD-459F-4D9F-A196-7F1D725F1C50}"
EndProject
Global
	GlobalSection(SolutionConfigurationPlatforms) = preSolution
		Debug|Any CPU = Debug|Any CPU
		Release|Any CPU = Release|Any CPU
	EndGlobalSection
	GlobalSection(ProjectConfigurationPlatforms) = postSolution
		{E1860FD3-54D8-4EDB-82E0-E61ED8725F20}.Debug|Any CPU.ActiveCfg = Debug|Any CPU
		{E1860FD3-54D8-4EDB-82E0-E61ED8725F20}.Debug|Any CPU.Build.0 = Debug|Any CPU
		{E1860FD3-54D8-4EDB-82E0-E61ED8725F20}.Release|Any CPU.ActiveCfg = Release|Any CPU
		{E1860FD3-54D8-4EDB-82E0-E61ED8725F20}.Release|Any CPU.Build.0 = Release|Any CPU
		{6B81F84C-A768-43DC-8F2E-F6F0EE9A9F32}.Debug|Any CPU.ActiveCfg = Debug|Any CPU
		{6B81F84C-A768-43DC-8F2E-F6F0EE9A9F32}.Debug|Any CPU.Build.0 = Debug|Any CPU
		{6B81F84C-A768-43DC-8F2E-F6F0EE9A9F32}.Release|Any CPU.ActiveCfg = Release|Any CPU
		{6B81F84C-A768-43DC-8F2E-F6F0EE9A9F32}.Release|Any CPU.Build.0 = Release|Any CPU
		{4B030711-4BCE-4749-9EFF-3E7B11866647}.Debug|Any CPU.ActiveCfg = Debug|Any CPU
		{4B030711-4BCE-4749-9EFF-3E7B11866647}.Debug|Any CPU.Build.0 = Debug|Any CPU
		{4B030711-4BCE-4749-9EFF-3E7B11866647}.Release|Any CPU.ActiveCfg = Release|Any CPU
		{4B030711-4BCE-4749-9EFF-3E7B11866647}.Release|Any CPU.Build.0 = Release|Any CPU
		{F828E6D1-F6D1-4325-8DFA-DA8826E1CE3C}.Debug|Any CPU.ActiveCfg = Debug|Any CPU
		{F828E6D1-F6D1-4325-8DFA-DA8826E1CE3C}.Debug|Any CPU.Build.0 = Debug|Any CPU
		{F828E6D1-F6D1-4325-8DFA-DA8826E1CE3C}.Release|Any CPU.ActiveCfg = Release|Any CPU
		{F828E6D1-F6D1-4325-8DFA-DA8826E1CE3C}.Release|Any CPU.Build.0 = Release|Any CPU
		{C4385BD1-2B62-4232-ADC2-896BDBE34142}.Debug|Any CPU.ActiveCfg = Debug|Any CPU
		{C4385BD1-2B62-4232-ADC2-896BDBE34142}.Debug|Any CPU.Build.0 = Debug|Any CPU
		{C4385BD1-2B62-4232-ADC2-896BDBE34142}.Release|Any CPU.ActiveCfg = Release|Any CPU
		{C4385BD1-2B62-4232-ADC2-896BDBE34142}.Release|Any CPU.Build.0 = Release|Any CPU
		{845B884E-FE1E-46AF-B49D-1EFE76371130}.Debug|Any CPU.ActiveCfg = Debug|Any CPU
		{845B884E-FE1E-46AF-B49D-1EFE76371130}.Debug|Any CPU.Build.0 = Debug|Any CPU
		{845B884E-FE1E-46AF-B49D-1EFE76371130}.Release|Any CPU.ActiveCfg = Release|Any CPU
		{845B884E-FE1E-46AF-B49D-1EFE76371130}.Release|Any CPU.Build.0 = Release|Any CPU
		{B6E266AD-459F-4D9F-A196-7F1D725F1C50}.Debug|Any CPU.ActiveCfg = Debug|Any CPU
		{B6E266AD-459F-4D9F-A196-7F1D725F1C50}.Debug|Any CPU.Build.0 = Debug|Any CPU
		{B6E266AD-459F-4D9F-A196-7F1D725F1C50}.Release|Any CPU.ActiveCfg = Release|Any CPU
		{B6E266AD-459F-4D9F-A196-7F1D725F1C50}.Release|Any CPU.Build.0 = Release|Any CPU
	EndGlobalSection
	GlobalSection(SolutionProperties) = preSolution
		HideSolutionNode = FALSE
	EndGlobalSection
	GlobalSection(ExtensibilityGlobals) = postSolution
		SolutionGuid = {3FEE2AF4-936B-474F-A3C0-7118F5655DCC}
	EndGlobalSection
EndGlobal
