
Microsoft Visual Studio Solution File, Format Version 12.00
# Visual Studio 15
VisualStudioVersion = 15.0.27004.2009
MinimumVisualStudioVersion = 10.0.40219.1
Project("{9A19103F-16F7-4668-BE54-9A1E7A4F7556}") = "RockLib.Messaging.SQS", "RockLib.Messaging.SQS\RockLib.Messaging.SQS.csproj", "{C4385BD1-2B62-4232-ADC2-896BDBE34142}"
EndProject
Project("{9A19103F-16F7-4668-BE54-9A1E7A4F7556}") = "RockLib.Messaging.SQS.Tests", "RockLib.Messaging.SQS.Tests\RockLib.Messaging.SQS.Tests.csproj", "{202FD7C2-2E35-4AA2-81A6-FCA895852CF9}"
EndProject
Global
	GlobalSection(SolutionConfigurationPlatforms) = preSolution
		Debug|Any CPU = Debug|Any CPU
		Release|Any CPU = Release|Any CPU
	EndGlobalSection
	GlobalSection(ProjectConfigurationPlatforms) = postSolution
		{C4385BD1-2B62-4232-ADC2-896BDBE34142}.Debug|Any CPU.ActiveCfg = Debug|Any CPU
		{C4385BD1-2B62-4232-ADC2-896BDBE34142}.Debug|Any CPU.Build.0 = Debug|Any CPU
		{C4385BD1-2B62-4232-ADC2-896BDBE34142}.Release|Any CPU.ActiveCfg = Release|Any CPU
		{C4385BD1-2B62-4232-ADC2-896BDBE34142}.Release|Any CPU.Build.0 = Release|Any CPU
		{202FD7C2-2E35-4AA2-81A6-FCA895852CF9}.Debug|Any CPU.ActiveCfg = Debug|Any CPU
		{202FD7C2-2E35-4AA2-81A6-FCA895852CF9}.Debug|Any CPU.Build.0 = Debug|Any CPU
		{202FD7C2-2E35-4AA2-81A6-FCA895852CF9}.Release|Any CPU.ActiveCfg = Release|Any CPU
		{202FD7C2-2E35-4AA2-81A6-FCA895852CF9}.Release|Any CPU.Build.0 = Release|Any CPU
	EndGlobalSection
	GlobalSection(SolutionProperties) = preSolution
		HideSolutionNode = FALSE
	EndGlobalSection
	GlobalSection(ExtensibilityGlobals) = postSolution
		SolutionGuid = {3FEE2AF4-936B-474F-A3C0-7118F5655DCC}
	EndGlobalSection
EndGlobal
